
Microsoft Visual Studio Solution File, Format Version 12.00
# Visual Studio Version 16
VisualStudioVersion = 16.0.31105.61
MinimumVisualStudioVersion = 10.0.40219.1
Project("{FAE04EC0-301F-11D3-BF4B-00C04F79EFBC}") = "Sorting", "Sorting\Sorting.csproj", "{5A132A91-9F2D-4F63-8CC9-6D199C509530}"
EndProject
Project("{FAE04EC0-301F-11D3-BF4B-00C04F79EFBC}") = "Sort_Test", "Sort_Test\Sort_Test.csproj", "{A4152160-EF37-42C7-81D6-3A1C5D93AC89}"
EndProject
Global
	GlobalSection(SolutionConfigurationPlatforms) = preSolution
		Debug|Any CPU = Debug|Any CPU
		Release|Any CPU = Release|Any CPU
	EndGlobalSection
	GlobalSection(ProjectConfigurationPlatforms) = postSolution
		{5A132A91-9F2D-4F63-8CC9-6D199C509530}.Debug|Any CPU.ActiveCfg = Debug|Any CPU
		{5A132A91-9F2D-4F63-8CC9-6D199C509530}.Debug|Any CPU.Build.0 = Debug|Any CPU
		{5A132A91-9F2D-4F63-8CC9-6D199C509530}.Release|Any CPU.ActiveCfg = Release|Any CPU
		{5A132A91-9F2D-4F63-8CC9-6D199C509530}.Release|Any CPU.Build.0 = Release|Any CPU
		{A4152160-EF37-42C7-81D6-3A1C5D93AC89}.Debug|Any CPU.ActiveCfg = Debug|Any CPU
		{A4152160-EF37-42C7-81D6-3A1C5D93AC89}.Debug|Any CPU.Build.0 = Debug|Any CPU
		{A4152160-EF37-42C7-81D6-3A1C5D93AC89}.Release|Any CPU.ActiveCfg = Release|Any CPU
		{A4152160-EF37-42C7-81D6-3A1C5D93AC89}.Release|Any CPU.Build.0 = Release|Any CPU
	EndGlobalSection
	GlobalSection(SolutionProperties) = preSolution
		HideSolutionNode = FALSE
	EndGlobalSection
	GlobalSection(ExtensibilityGlobals) = postSolution
		SolutionGuid = {11286553-4A1C-4289-B62F-3EC11C1EFAD2}
	EndGlobalSection
EndGlobal
